
Microsoft Visual Studio Solution File, Format Version 12.00
# Visual Studio Version 17
VisualStudioVersion = 17.3.32929.385
MinimumVisualStudioVersion = 10.0.40219.1
Project("{9A19103F-16F7-4668-BE54-9A1E7A4F7556}") = "HomeWork1", "HomeWork1\HomeWork1.csproj", "{2AC9E586-3A5E-4ADA-8E8E-FA438E4EDD66}"
EndProject
Project("{FAE04EC0-301F-11D3-BF4B-00C04F79EFBC}") = "HomeWork2", "HomeWork2\HomeWork2.csproj", "{6BD7947B-B4C4-44B2-9837-288562AB0019}"
EndProject
Global
	GlobalSection(SolutionConfigurationPlatforms) = preSolution
		Debug|Any CPU = Debug|Any CPU
		Release|Any CPU = Release|Any CPU
	EndGlobalSection
	GlobalSection(ProjectConfigurationPlatforms) = postSolution
		{2AC9E586-3A5E-4ADA-8E8E-FA438E4EDD66}.Debug|Any CPU.ActiveCfg = Debug|Any CPU
		{2AC9E586-3A5E-4ADA-8E8E-FA438E4EDD66}.Debug|Any CPU.Build.0 = Debug|Any CPU
		{2AC9E586-3A5E-4ADA-8E8E-FA438E4EDD66}.Release|Any CPU.ActiveCfg = Release|Any CPU
		{2AC9E586-3A5E-4ADA-8E8E-FA438E4EDD66}.Release|Any CPU.Build.0 = Release|Any CPU
		{6BD7947B-B4C4-44B2-9837-288562AB0019}.Debug|Any CPU.ActiveCfg = Debug|Any CPU
		{6BD7947B-B4C4-44B2-9837-288562AB0019}.Debug|Any CPU.Build.0 = Debug|Any CPU
		{6BD7947B-B4C4-44B2-9837-288562AB0019}.Release|Any CPU.ActiveCfg = Release|Any CPU
		{6BD7947B-B4C4-44B2-9837-288562AB0019}.Release|Any CPU.Build.0 = Release|Any CPU
	EndGlobalSection
	GlobalSection(SolutionProperties) = preSolution
		HideSolutionNode = FALSE
	EndGlobalSection
	GlobalSection(ExtensibilityGlobals) = postSolution
		SolutionGuid = {02A8DAC3-C4D1-4E0E-832E-2705B65ED606}
	EndGlobalSection
EndGlobal
