
Microsoft Visual Studio Solution File, Format Version 12.00
# Visual Studio Version 17
VisualStudioVersion = 17.3.32929.385
MinimumVisualStudioVersion = 10.0.40219.1
Project("{9A19103F-16F7-4668-BE54-9A1E7A4F7556}") = "HomeWork1", "HomeWork1\HomeWork1.csproj", "{2AC9E586-3A5E-4ADA-8E8E-FA438E4EDD66}"
EndProject
Project("{9A19103F-16F7-4668-BE54-9A1E7A4F7556}") = "HomeWork2", "HomeWork2\HomeWork2.csproj", "{6BD7947B-B4C4-44B2-9837-288562AB0019}"
EndProject
Project("{9A19103F-16F7-4668-BE54-9A1E7A4F7556}") = "HomeWork3", "HomeWork3\HomeWork3.csproj", "{CDA04ABF-31AB-4D99-9A19-C492ED65B437}"
EndProject
Project("{FAE04EC0-301F-11D3-BF4B-00C04F79EFBC}") = "HomeWork4", "HomeWork4\HomeWork4.csproj", "{96F826C4-57A1-4986-A759-EB9D37CE62AD}"
EndProject
Project("{FAE04EC0-301F-11D3-BF4B-00C04F79EFBC}") = "HomeWork5", "HomeWork5\HomeWork5.csproj", "{A0D5292C-50A9-40C0-B8EA-065E4317BC80}"
EndProject
Global
	GlobalSection(SolutionConfigurationPlatforms) = preSolution
		Debug|Any CPU = Debug|Any CPU
		Release|Any CPU = Release|Any CPU
	EndGlobalSection
	GlobalSection(ProjectConfigurationPlatforms) = postSolution
		{2AC9E586-3A5E-4ADA-8E8E-FA438E4EDD66}.Debug|Any CPU.ActiveCfg = Debug|Any CPU
		{2AC9E586-3A5E-4ADA-8E8E-FA438E4EDD66}.Debug|Any CPU.Build.0 = Debug|Any CPU
		{2AC9E586-3A5E-4ADA-8E8E-FA438E4EDD66}.Release|Any CPU.ActiveCfg = Release|Any CPU
		{2AC9E586-3A5E-4ADA-8E8E-FA438E4EDD66}.Release|Any CPU.Build.0 = Release|Any CPU
		{6BD7947B-B4C4-44B2-9837-288562AB0019}.Debug|Any CPU.ActiveCfg = Debug|Any CPU
		{6BD7947B-B4C4-44B2-9837-288562AB0019}.Debug|Any CPU.Build.0 = Debug|Any CPU
		{6BD7947B-B4C4-44B2-9837-288562AB0019}.Release|Any CPU.ActiveCfg = Release|Any CPU
		{6BD7947B-B4C4-44B2-9837-288562AB0019}.Release|Any CPU.Build.0 = Release|Any CPU
		{CDA04ABF-31AB-4D99-9A19-C492ED65B437}.Debug|Any CPU.ActiveCfg = Debug|Any CPU
		{CDA04ABF-31AB-4D99-9A19-C492ED65B437}.Debug|Any CPU.Build.0 = Debug|Any CPU
		{CDA04ABF-31AB-4D99-9A19-C492ED65B437}.Release|Any CPU.ActiveCfg = Release|Any CPU
		{CDA04ABF-31AB-4D99-9A19-C492ED65B437}.Release|Any CPU.Build.0 = Release|Any CPU
		{96F826C4-57A1-4986-A759-EB9D37CE62AD}.Debug|Any CPU.ActiveCfg = Debug|Any CPU
		{96F826C4-57A1-4986-A759-EB9D37CE62AD}.Debug|Any CPU.Build.0 = Debug|Any CPU
		{96F826C4-57A1-4986-A759-EB9D37CE62AD}.Release|Any CPU.ActiveCfg = Release|Any CPU
		{96F826C4-57A1-4986-A759-EB9D37CE62AD}.Release|Any CPU.Build.0 = Release|Any CPU
		{A0D5292C-50A9-40C0-B8EA-065E4317BC80}.Debug|Any CPU.ActiveCfg = Debug|Any CPU
		{A0D5292C-50A9-40C0-B8EA-065E4317BC80}.Debug|Any CPU.Build.0 = Debug|Any CPU
		{A0D5292C-50A9-40C0-B8EA-065E4317BC80}.Release|Any CPU.ActiveCfg = Release|Any CPU
		{A0D5292C-50A9-40C0-B8EA-065E4317BC80}.Release|Any CPU.Build.0 = Release|Any CPU
	EndGlobalSection
	GlobalSection(SolutionProperties) = preSolution
		HideSolutionNode = FALSE
	EndGlobalSection
	GlobalSection(ExtensibilityGlobals) = postSolution
		SolutionGuid = {02A8DAC3-C4D1-4E0E-832E-2705B65ED606}
	EndGlobalSection
EndGlobal
