
Microsoft Visual Studio Solution File, Format Version 12.00
# Visual Studio Version 17
VisualStudioVersion = 17.3.32929.385
MinimumVisualStudioVersion = 10.0.40219.1
Project("{FAE04EC0-301F-11D3-BF4B-00C04F79EFBC}") = "Task1", "Task1\Task1.csproj", "{CC75D1FF-B994-4F3F-8B94-6573C661E682}"
EndProject
Global
	GlobalSection(SolutionConfigurationPlatforms) = preSolution
		Debug|Any CPU = Debug|Any CPU
		Release|Any CPU = Release|Any CPU
	EndGlobalSection
	GlobalSection(ProjectConfigurationPlatforms) = postSolution
		{CC75D1FF-B994-4F3F-8B94-6573C661E682}.Debug|Any CPU.ActiveCfg = Debug|Any CPU
		{CC75D1FF-B994-4F3F-8B94-6573C661E682}.Debug|Any CPU.Build.0 = Debug|Any CPU
		{CC75D1FF-B994-4F3F-8B94-6573C661E682}.Release|Any CPU.ActiveCfg = Release|Any CPU
		{CC75D1FF-B994-4F3F-8B94-6573C661E682}.Release|Any CPU.Build.0 = Release|Any CPU
	EndGlobalSection
	GlobalSection(SolutionProperties) = preSolution
		HideSolutionNode = FALSE
	EndGlobalSection
	GlobalSection(ExtensibilityGlobals) = postSolution
		SolutionGuid = {961A66AE-E3BE-4FAF-8E7F-6FF1838E2619}
	EndGlobalSection
EndGlobal
