
Microsoft Visual Studio Solution File, Format Version 12.00
# Visual Studio Version 17
VisualStudioVersion = 17.3.32929.385
MinimumVisualStudioVersion = 10.0.40219.1
Project("{FAE04EC0-301F-11D3-BF4B-00C04F79EFBC}") = "HomeWork01", "HomeWork01\HomeWork01.csproj", "{4007D3B6-CB82-4E5D-B89D-7C7D03707D1D}"
EndProject
Global
	GlobalSection(SolutionConfigurationPlatforms) = preSolution
		Debug|Any CPU = Debug|Any CPU
		Release|Any CPU = Release|Any CPU
	EndGlobalSection
	GlobalSection(ProjectConfigurationPlatforms) = postSolution
		{4007D3B6-CB82-4E5D-B89D-7C7D03707D1D}.Debug|Any CPU.ActiveCfg = Debug|Any CPU
		{4007D3B6-CB82-4E5D-B89D-7C7D03707D1D}.Debug|Any CPU.Build.0 = Debug|Any CPU
		{4007D3B6-CB82-4E5D-B89D-7C7D03707D1D}.Release|Any CPU.ActiveCfg = Release|Any CPU
		{4007D3B6-CB82-4E5D-B89D-7C7D03707D1D}.Release|Any CPU.Build.0 = Release|Any CPU
	EndGlobalSection
	GlobalSection(SolutionProperties) = preSolution
		HideSolutionNode = FALSE
	EndGlobalSection
	GlobalSection(ExtensibilityGlobals) = postSolution
		SolutionGuid = {183CFAA8-6B94-4EA5-BD01-72C40472F649}
	EndGlobalSection
EndGlobal
